
Microsoft Visual Studio Solution File, Format Version 12.00
# Visual Studio Version 17
VisualStudioVersion = 17.10.34928.147
MinimumVisualStudioVersion = 10.0.40219.1
Project("{FAE04EC0-301F-11D3-BF4B-00C04F79EFBC}") = "TestBai03", "TestBai03\TestBai03.csproj", "{A929A26F-44AA-4589-99F8-C2A43DEA35A0}"
	ProjectSection(ProjectDependencies) = postProject
		{9B642BFB-6445-402A-92D1-566BA14FBC8C} = {9B642BFB-6445-402A-92D1-566BA14FBC8C}
	EndProjectSection
EndProject
Project("{FAE04EC0-301F-11D3-BF4B-00C04F79EFBC}") = "TestBai04", "TestBai04\TestBai04.csproj", "{9B642BFB-6445-402A-92D1-566BA14FBC8C}"
EndProject
Project("{FAE04EC0-301F-11D3-BF4B-00C04F79EFBC}") = "TestBai06", "TestBai06\TestBai06.csproj", "{F70608C2-2CF6-443E-9636-057F6A8C3012}"
EndProject
Project("{FAE04EC0-301F-11D3-BF4B-00C04F79EFBC}") = "TestBai10", "TestBai10\TestBai10.csproj", "{0084BC87-EB97-430F-A98D-7041C2F8F4E3}"
EndProject
Project("{FAE04EC0-301F-11D3-BF4B-00C04F79EFBC}") = "TestBai07", "TestBai07\TestBai07.csproj", "{4494BBD0-1672-43C1-A8F4-341EA3126C9A}"
EndProject
Project("{FAE04EC0-301F-11D3-BF4B-00C04F79EFBC}") = "TestBai08", "TestBai08\TestBai08.csproj", "{627A5204-9927-4E4C-8174-48786855577B}"
EndProject
Project("{FAE04EC0-301F-11D3-BF4B-00C04F79EFBC}") = "TestBai09", "TestBai09\TestBai09.csproj", "{132AAA7B-E448-492B-8143-1F66DB14A94A}"
EndProject
Project("{FAE04EC0-301F-11D3-BF4B-00C04F79EFBC}") = "TestBai11", "TestBai11\TestBai11.csproj", "{610863B9-86A3-4FE8-9FF2-28F979D46857}"
EndProject
Global
	GlobalSection(SolutionConfigurationPlatforms) = preSolution
		Debug|Any CPU = Debug|Any CPU
		Release|Any CPU = Release|Any CPU
	EndGlobalSection
	GlobalSection(ProjectConfigurationPlatforms) = postSolution
		{A929A26F-44AA-4589-99F8-C2A43DEA35A0}.Debug|Any CPU.ActiveCfg = Debug|Any CPU
		{A929A26F-44AA-4589-99F8-C2A43DEA35A0}.Debug|Any CPU.Build.0 = Debug|Any CPU
		{A929A26F-44AA-4589-99F8-C2A43DEA35A0}.Release|Any CPU.ActiveCfg = Release|Any CPU
		{A929A26F-44AA-4589-99F8-C2A43DEA35A0}.Release|Any CPU.Build.0 = Release|Any CPU
		{9B642BFB-6445-402A-92D1-566BA14FBC8C}.Debug|Any CPU.ActiveCfg = Debug|Any CPU
		{9B642BFB-6445-402A-92D1-566BA14FBC8C}.Debug|Any CPU.Build.0 = Debug|Any CPU
		{9B642BFB-6445-402A-92D1-566BA14FBC8C}.Release|Any CPU.ActiveCfg = Release|Any CPU
		{9B642BFB-6445-402A-92D1-566BA14FBC8C}.Release|Any CPU.Build.0 = Release|Any CPU
		{F70608C2-2CF6-443E-9636-057F6A8C3012}.Debug|Any CPU.ActiveCfg = Debug|Any CPU
		{F70608C2-2CF6-443E-9636-057F6A8C3012}.Debug|Any CPU.Build.0 = Debug|Any CPU
		{F70608C2-2CF6-443E-9636-057F6A8C3012}.Release|Any CPU.ActiveCfg = Release|Any CPU
		{F70608C2-2CF6-443E-9636-057F6A8C3012}.Release|Any CPU.Build.0 = Release|Any CPU
		{0084BC87-EB97-430F-A98D-7041C2F8F4E3}.Debug|Any CPU.ActiveCfg = Debug|Any CPU
		{0084BC87-EB97-430F-A98D-7041C2F8F4E3}.Debug|Any CPU.Build.0 = Debug|Any CPU
		{0084BC87-EB97-430F-A98D-7041C2F8F4E3}.Release|Any CPU.ActiveCfg = Release|Any CPU
		{0084BC87-EB97-430F-A98D-7041C2F8F4E3}.Release|Any CPU.Build.0 = Release|Any CPU
		{4494BBD0-1672-43C1-A8F4-341EA3126C9A}.Debug|Any CPU.ActiveCfg = Debug|Any CPU
		{4494BBD0-1672-43C1-A8F4-341EA3126C9A}.Debug|Any CPU.Build.0 = Debug|Any CPU
		{4494BBD0-1672-43C1-A8F4-341EA3126C9A}.Release|Any CPU.ActiveCfg = Release|Any CPU
		{4494BBD0-1672-43C1-A8F4-341EA3126C9A}.Release|Any CPU.Build.0 = Release|Any CPU
		{627A5204-9927-4E4C-8174-48786855577B}.Debug|Any CPU.ActiveCfg = Debug|Any CPU
		{627A5204-9927-4E4C-8174-48786855577B}.Debug|Any CPU.Build.0 = Debug|Any CPU
		{627A5204-9927-4E4C-8174-48786855577B}.Release|Any CPU.ActiveCfg = Release|Any CPU
		{627A5204-9927-4E4C-8174-48786855577B}.Release|Any CPU.Build.0 = Release|Any CPU
		{132AAA7B-E448-492B-8143-1F66DB14A94A}.Debug|Any CPU.ActiveCfg = Debug|Any CPU
		{132AAA7B-E448-492B-8143-1F66DB14A94A}.Debug|Any CPU.Build.0 = Debug|Any CPU
		{132AAA7B-E448-492B-8143-1F66DB14A94A}.Release|Any CPU.ActiveCfg = Release|Any CPU
		{132AAA7B-E448-492B-8143-1F66DB14A94A}.Release|Any CPU.Build.0 = Release|Any CPU
		{610863B9-86A3-4FE8-9FF2-28F979D46857}.Debug|Any CPU.ActiveCfg = Debug|Any CPU
		{610863B9-86A3-4FE8-9FF2-28F979D46857}.Debug|Any CPU.Build.0 = Debug|Any CPU
		{610863B9-86A3-4FE8-9FF2-28F979D46857}.Release|Any CPU.ActiveCfg = Release|Any CPU
		{610863B9-86A3-4FE8-9FF2-28F979D46857}.Release|Any CPU.Build.0 = Release|Any CPU
	EndGlobalSection
	GlobalSection(SolutionProperties) = preSolution
		HideSolutionNode = FALSE
	EndGlobalSection
	GlobalSection(ExtensibilityGlobals) = postSolution
		SolutionGuid = {A6B3DBC5-5DEA-48A3-BD3D-7A512882A3DE}
	EndGlobalSection
EndGlobal
